// !$*UTF8*$!
{
	archiveVersion = 1;
	classes = {
	};
	objectVersion = 46;
	objects = {

/* Begin PBXBuildFile section */
		212FCDC81B9568BB00DDF36D /* UIViewController+BackButtonHandler.m in Sources */ = {isa = PBXBuildFile; fileRef = 212FCDC71B9568BB00DDF36D /* UIViewController+BackButtonHandler.m */; };
		212FCDCB1B95933D00DDF36D /* VETopicListControllerUtil.m in Sources */ = {isa = PBXBuildFile; fileRef = 212FCDCA1B95933D00DDF36D /* VETopicListControllerUtil.m */; };
		212FCDCF1B95942A00DDF36D /* VETopicListController.m in Sources */ = {isa = PBXBuildFile; fileRef = 212FCDCE1B95942A00DDF36D /* VETopicListController.m */; };
		212FCDD31B95977C00DDF36D /* VETopicListOperator.m in Sources */ = {isa = PBXBuildFile; fileRef = 212FCDD21B95977C00DDF36D /* VETopicListOperator.m */; };
		217FC2BE1B834C8500238388 /* ICPinyinGroup.m in Sources */ = {isa = PBXBuildFile; fileRef = 217FC2BD1B834C8500238388 /* ICPinyinGroup.m */; };
		21BB44351B7DB7960032DCA8 /* VENodesController.m in Sources */ = {isa = PBXBuildFile; fileRef = 21BB44341B7DB7960032DCA8 /* VENodesController.m */; };
		21BB44471B81FBAE0032DCA8 /* VEAboutController.m in Sources */ = {isa = PBXBuildFile; fileRef = 21BB44461B81FBAE0032DCA8 /* VEAboutController.m */; };
		21BDCF401B9A00E30012EADE /* VEMemberOperator.m in Sources */ = {isa = PBXBuildFile; fileRef = 21BDCF3F1B9A00E30012EADE /* VEMemberOperator.m */; };
		21BDCF431B9A1B4C0012EADE /* VEMemberTableViewController.m in Sources */ = {isa = PBXBuildFile; fileRef = 21BDCF421B9A1B4C0012EADE /* VEMemberTableViewController.m */; };
		21BDCF4A1B9AD1C20012EADE /* VEMemberTableViewCell.m in Sources */ = {isa = PBXBuildFile; fileRef = 21BDCF481B9AD1C20012EADE /* VEMemberTableViewCell.m */; };
		21BDCF4B1B9AD1C20012EADE /* VEMemberTableViewCell.xib in Resources */ = {isa = PBXBuildFile; fileRef = 21BDCF491B9AD1C20012EADE /* VEMemberTableViewCell.xib */; };
		21E980101B8A07C8009E03AB /* VESiteModel.m in Sources */ = {isa = PBXBuildFile; fileRef = 21E9800F1B8A07C8009E03AB /* VESiteModel.m */; };
		21E980171B938968009E03AB /* VEOpenComponentsController.m in Sources */ = {isa = PBXBuildFile; fileRef = 21E980161B938968009E03AB /* VEOpenComponentsController.m */; };
		21E980191B938EFB009E03AB /* OpenComponentsInfo.plist in Resources */ = {isa = PBXBuildFile; fileRef = 21E980181B938EFB009E03AB /* OpenComponentsInfo.plist */; };
		21E9801C1B939D8A009E03AB /* VEOpenComponentLicenseController.m in Sources */ = {isa = PBXBuildFile; fileRef = 21E9801B1B939D8A009E03AB /* VEOpenComponentLicenseController.m */; };
		78CD67BE694B2DF09E88818E /* libPods.a in Frameworks */ = {isa = PBXBuildFile; fileRef = 4394C6E375D63529F591FDDD /* libPods.a */; };
		B6078FFB1B6667C0003EBBCD /* VEWebViewController.m in Sources */ = {isa = PBXBuildFile; fileRef = B6078FFA1B6667C0003EBBCD /* VEWebViewController.m */; };
		B60EADB91B6262200062A097 /* VEAPIClient.m in Sources */ = {isa = PBXBuildFile; fileRef = B60EADB81B6262200062A097 /* VEAPIClient.m */; };
		B60EADC01B626D280062A097 /* VENavigationController.m in Sources */ = {isa = PBXBuildFile; fileRef = B60EADBF1B626D280062A097 /* VENavigationController.m */; };
		B60EADC31B626DCF0062A097 /* VETabBarController.m in Sources */ = {isa = PBXBuildFile; fileRef = B60EADC21B626DCF0062A097 /* VETabBarController.m */; };
		B64574E01B6248AB00886225 /* main.m in Sources */ = {isa = PBXBuildFile; fileRef = B64574DF1B6248AB00886225 /* main.m */; };
		B64574E31B6248AB00886225 /* AppDelegate.m in Sources */ = {isa = PBXBuildFile; fileRef = B64574E21B6248AB00886225 /* AppDelegate.m */; };
		B64574EC1B6248AB00886225 /* Main.storyboard in Resources */ = {isa = PBXBuildFile; fileRef = B64574EA1B6248AB00886225 /* Main.storyboard */; };
		B64574EE1B6248AB00886225 /* Images.xcassets in Resources */ = {isa = PBXBuildFile; fileRef = B64574ED1B6248AB00886225 /* Images.xcassets */; };
		B64574F11B6248AB00886225 /* LaunchScreen.xib in Resources */ = {isa = PBXBuildFile; fileRef = B64574EF1B6248AB00886225 /* LaunchScreen.xib */; };
		B64574FD1B6248AB00886225 /* V2EXTests.m in Sources */ = {isa = PBXBuildFile; fileRef = B64574FC1B6248AB00886225 /* V2EXTests.m */; };
		B65032BF1B91D3EE00B077B3 /* VETopicTableViewController.m in Sources */ = {isa = PBXBuildFile; fileRef = B65032BE1B91D3EE00B077B3 /* VETopicTableViewController.m */; };
		B65032C91B91D55F00B077B3 /* VETopicModel.m in Sources */ = {isa = PBXBuildFile; fileRef = B65032C81B91D55F00B077B3 /* VETopicModel.m */; };
		B65032CD1B91D62800B077B3 /* VEMemberModel.m in Sources */ = {isa = PBXBuildFile; fileRef = B65032CC1B91D62800B077B3 /* VEMemberModel.m */; };
		B65032D01B91D77F00B077B3 /* VENodeModel.m in Sources */ = {isa = PBXBuildFile; fileRef = B65032CF1B91D77F00B077B3 /* VENodeModel.m */; };
		B65032D31B91DA3700B077B3 /* VEReplieModel.m in Sources */ = {isa = PBXBuildFile; fileRef = B65032D21B91DA3700B077B3 /* VEReplieModel.m */; };
		B65032DD1B91DE2C00B077B3 /* NSDate+Formatter.m in Sources */ = {isa = PBXBuildFile; fileRef = B65032DC1B91DE2C00B077B3 /* NSDate+Formatter.m */; };
		B65032E51B91DF9200B077B3 /* VENodesOperator.m in Sources */ = {isa = PBXBuildFile; fileRef = B65032E41B91DF9200B077B3 /* VENodesOperator.m */; };
		B65032E91B91DFF400B077B3 /* VESiteOperator.m in Sources */ = {isa = PBXBuildFile; fileRef = B65032E81B91DFF400B077B3 /* VESiteOperator.m */; };
		B65032ED1B91EFB300B077B3 /* VEReplieTableViewCell.m in Sources */ = {isa = PBXBuildFile; fileRef = B65032EB1B91EFB300B077B3 /* VEReplieTableViewCell.m */; };
		B65032EE1B91EFB300B077B3 /* VEReplieTableViewCell.xib in Resources */ = {isa = PBXBuildFile; fileRef = B65032EC1B91EFB300B077B3 /* VEReplieTableViewCell.xib */; };
		B65032F21B91F2CF00B077B3 /* VETopicContentTableViewCell.m in Sources */ = {isa = PBXBuildFile; fileRef = B65032F01B91F2CF00B077B3 /* VETopicContentTableViewCell.m */; };
		B65032F31B91F2CF00B077B3 /* VETopicContentTableViewCell.xib in Resources */ = {isa = PBXBuildFile; fileRef = B65032F11B91F2CF00B077B3 /* VETopicContentTableViewCell.xib */; };
		B65032F61B91F40200B077B3 /* UIWebView+Single.m in Sources */ = {isa = PBXBuildFile; fileRef = B65032F51B91F40200B077B3 /* UIWebView+Single.m */; };
		B69FE84F1B9344FA00F527CD /* VEReplieOperator.m in Sources */ = {isa = PBXBuildFile; fileRef = B69FE84E1B9344FA00F527CD /* VEReplieOperator.m */; };
		B6EEDC671B8C3CF2003A5F39 /* VETopicTableViewCell.m in Sources */ = {isa = PBXBuildFile; fileRef = B6EEDC651B8C3CF2003A5F39 /* VETopicTableViewCell.m */; };
		B6EEDC681B8C3CF2003A5F39 /* VETopicTableViewCell.xib in Resources */ = {isa = PBXBuildFile; fileRef = B6EEDC661B8C3CF2003A5F39 /* VETopicTableViewCell.xib */; };
		CE88D9291BAC5FB300CA2756 /* VEFeedbackTableViewController.m in Sources */ = {isa = PBXBuildFile; fileRef = CE88D9281BAC5FB300CA2756 /* VEFeedbackTableViewController.m */; settings = {ASSET_TAGS = (); }; };
		CE88D92D1BAC607900CA2756 /* VEFeedbackCommitTableViewCell.m in Sources */ = {isa = PBXBuildFile; fileRef = CE88D92C1BAC607900CA2756 /* VEFeedbackCommitTableViewCell.m */; settings = {ASSET_TAGS = (); }; };
		CE88D9301BAC609400CA2756 /* VEFeedbackContentTableViewCell.m in Sources */ = {isa = PBXBuildFile; fileRef = CE88D92F1BAC609400CA2756 /* VEFeedbackContentTableViewCell.m */; settings = {ASSET_TAGS = (); }; };
		CE88D9331BAC60A200CA2756 /* VEFeedbackContactTableViewCell.m in Sources */ = {isa = PBXBuildFile; fileRef = CE88D9321BAC60A200CA2756 /* VEFeedbackContactTableViewCell.m */; settings = {ASSET_TAGS = (); }; };
		CE88D9351BAC63CA00CA2756 /* VEFeedbackCommitTableViewCell.xib in Resources */ = {isa = PBXBuildFile; fileRef = CE88D9341BAC63CA00CA2756 /* VEFeedbackCommitTableViewCell.xib */; settings = {ASSET_TAGS = (); }; };
		CE88D9371BAC63D600CA2756 /* VEFeedbackContentTableViewCell.xib in Resources */ = {isa = PBXBuildFile; fileRef = CE88D9361BAC63D600CA2756 /* VEFeedbackContentTableViewCell.xib */; settings = {ASSET_TAGS = (); }; };
		CE88D9391BAC63E200CA2756 /* VEFeedbackContactTableViewCell.xib in Resources */ = {isa = PBXBuildFile; fileRef = CE88D9381BAC63E200CA2756 /* VEFeedbackContactTableViewCell.xib */; settings = {ASSET_TAGS = (); }; };
		CE88D93C1BAC664E00CA2756 /* VEFeedBackModel.m in Sources */ = {isa = PBXBuildFile; fileRef = CE88D93B1BAC664E00CA2756 /* VEFeedBackModel.m */; settings = {ASSET_TAGS = (); }; };
/* End PBXBuildFile section */

/* Begin PBXContainerItemProxy section */
		B64574F71B6248AB00886225 /* PBXContainerItemProxy */ = {
			isa = PBXContainerItemProxy;
			containerPortal = B64574D21B6248AB00886225 /* Project object */;
			proxyType = 1;
			remoteGlobalIDString = B64574D91B6248AB00886225;
			remoteInfo = V2EX;
		};
/* End PBXContainerItemProxy section */

/* Begin PBXFileReference section */
		212FCDC61B9568BB00DDF36D /* UIViewController+BackButtonHandler.h */ = {isa = PBXFileReference; fileEncoding = 4; lastKnownFileType = sourcecode.c.h; path = "UIViewController+BackButtonHandler.h"; sourceTree = "<group>"; };
		212FCDC71B9568BB00DDF36D /* UIViewController+BackButtonHandler.m */ = {isa = PBXFileReference; fileEncoding = 4; lastKnownFileType = sourcecode.c.objc; path = "UIViewController+BackButtonHandler.m"; sourceTree = "<group>"; };
		212FCDC91B95933D00DDF36D /* VETopicListControllerUtil.h */ = {isa = PBXFileReference; fileEncoding = 4; lastKnownFileType = sourcecode.c.h; path = VETopicListControllerUtil.h; sourceTree = "<group>"; };
		212FCDCA1B95933D00DDF36D /* VETopicListControllerUtil.m */ = {isa = PBXFileReference; fileEncoding = 4; lastKnownFileType = sourcecode.c.objc; path = VETopicListControllerUtil.m; sourceTree = "<group>"; };
		212FCDCD1B95942A00DDF36D /* VETopicListController.h */ = {isa = PBXFileReference; fileEncoding = 4; lastKnownFileType = sourcecode.c.h; path = VETopicListController.h; sourceTree = "<group>"; };
		212FCDCE1B95942A00DDF36D /* VETopicListController.m */ = {isa = PBXFileReference; fileEncoding = 4; lastKnownFileType = sourcecode.c.objc; path = VETopicListController.m; sourceTree = "<group>"; };
		212FCDD11B95977C00DDF36D /* VETopicListOperator.h */ = {isa = PBXFileReference; fileEncoding = 4; lastKnownFileType = sourcecode.c.h; path = VETopicListOperator.h; sourceTree = "<group>"; };
		212FCDD21B95977C00DDF36D /* VETopicListOperator.m */ = {isa = PBXFileReference; fileEncoding = 4; lastKnownFileType = sourcecode.c.objc; path = VETopicListOperator.m; sourceTree = "<group>"; };
		217FC2BC1B834C8500238388 /* ICPinyinGroup.h */ = {isa = PBXFileReference; fileEncoding = 4; lastKnownFileType = sourcecode.c.h; path = ICPinyinGroup.h; sourceTree = "<group>"; };
		217FC2BD1B834C8500238388 /* ICPinyinGroup.m */ = {isa = PBXFileReference; fileEncoding = 4; lastKnownFileType = sourcecode.c.objc; path = ICPinyinGroup.m; sourceTree = "<group>"; };
		21BB44331B7DB7960032DCA8 /* VENodesController.h */ = {isa = PBXFileReference; fileEncoding = 4; lastKnownFileType = sourcecode.c.h; path = VENodesController.h; sourceTree = "<group>"; };
		21BB44341B7DB7960032DCA8 /* VENodesController.m */ = {isa = PBXFileReference; fileEncoding = 4; lastKnownFileType = sourcecode.c.objc; path = VENodesController.m; sourceTree = "<group>"; };
		21BB44451B81FBAE0032DCA8 /* VEAboutController.h */ = {isa = PBXFileReference; fileEncoding = 4; lastKnownFileType = sourcecode.c.h; path = VEAboutController.h; sourceTree = "<group>"; };
		21BB44461B81FBAE0032DCA8 /* VEAboutController.m */ = {isa = PBXFileReference; fileEncoding = 4; lastKnownFileType = sourcecode.c.objc; path = VEAboutController.m; sourceTree = "<group>"; };
		21BDCF3E1B9A00E30012EADE /* VEMemberOperator.h */ = {isa = PBXFileReference; fileEncoding = 4; lastKnownFileType = sourcecode.c.h; path = VEMemberOperator.h; sourceTree = "<group>"; };
		21BDCF3F1B9A00E30012EADE /* VEMemberOperator.m */ = {isa = PBXFileReference; fileEncoding = 4; lastKnownFileType = sourcecode.c.objc; path = VEMemberOperator.m; sourceTree = "<group>"; };
		21BDCF411B9A1B4C0012EADE /* VEMemberTableViewController.h */ = {isa = PBXFileReference; fileEncoding = 4; lastKnownFileType = sourcecode.c.h; path = VEMemberTableViewController.h; sourceTree = "<group>"; };
		21BDCF421B9A1B4C0012EADE /* VEMemberTableViewController.m */ = {isa = PBXFileReference; fileEncoding = 4; lastKnownFileType = sourcecode.c.objc; path = VEMemberTableViewController.m; sourceTree = "<group>"; };
		21BDCF471B9AD1C20012EADE /* VEMemberTableViewCell.h */ = {isa = PBXFileReference; fileEncoding = 4; lastKnownFileType = sourcecode.c.h; path = VEMemberTableViewCell.h; sourceTree = "<group>"; };
		21BDCF481B9AD1C20012EADE /* VEMemberTableViewCell.m */ = {isa = PBXFileReference; fileEncoding = 4; lastKnownFileType = sourcecode.c.objc; path = VEMemberTableViewCell.m; sourceTree = "<group>"; };
		21BDCF491B9AD1C20012EADE /* VEMemberTableViewCell.xib */ = {isa = PBXFileReference; fileEncoding = 4; lastKnownFileType = file.xib; path = VEMemberTableViewCell.xib; sourceTree = "<group>"; };
		21E9800E1B8A07C8009E03AB /* VESiteModel.h */ = {isa = PBXFileReference; fileEncoding = 4; lastKnownFileType = sourcecode.c.h; path = VESiteModel.h; sourceTree = "<group>"; };
		21E9800F1B8A07C8009E03AB /* VESiteModel.m */ = {isa = PBXFileReference; fileEncoding = 4; lastKnownFileType = sourcecode.c.objc; path = VESiteModel.m; sourceTree = "<group>"; };
		21E980151B938968009E03AB /* VEOpenComponentsController.h */ = {isa = PBXFileReference; fileEncoding = 4; lastKnownFileType = sourcecode.c.h; path = VEOpenComponentsController.h; sourceTree = "<group>"; };
		21E980161B938968009E03AB /* VEOpenComponentsController.m */ = {isa = PBXFileReference; fileEncoding = 4; lastKnownFileType = sourcecode.c.objc; path = VEOpenComponentsController.m; sourceTree = "<group>"; };
		21E980181B938EFB009E03AB /* OpenComponentsInfo.plist */ = {isa = PBXFileReference; fileEncoding = 4; lastKnownFileType = text.plist.xml; path = OpenComponentsInfo.plist; sourceTree = "<group>"; };
		21E9801A1B939D8A009E03AB /* VEOpenComponentLicenseController.h */ = {isa = PBXFileReference; fileEncoding = 4; lastKnownFileType = sourcecode.c.h; path = VEOpenComponentLicenseController.h; sourceTree = "<group>"; };
		21E9801B1B939D8A009E03AB /* VEOpenComponentLicenseController.m */ = {isa = PBXFileReference; fileEncoding = 4; lastKnownFileType = sourcecode.c.objc; path = VEOpenComponentLicenseController.m; sourceTree = "<group>"; };
		39B7B0D23C0D99D7D7258303 /* Pods.release.xcconfig */ = {isa = PBXFileReference; includeInIndex = 1; lastKnownFileType = text.xcconfig; name = Pods.release.xcconfig; path = "Pods/Target Support Files/Pods/Pods.release.xcconfig"; sourceTree = "<group>"; };
		4394C6E375D63529F591FDDD /* libPods.a */ = {isa = PBXFileReference; explicitFileType = archive.ar; includeInIndex = 0; path = libPods.a; sourceTree = BUILT_PRODUCTS_DIR; };
		B6078FF91B6667C0003EBBCD /* VEWebViewController.h */ = {isa = PBXFileReference; fileEncoding = 4; lastKnownFileType = sourcecode.c.h; path = VEWebViewController.h; sourceTree = "<group>"; };
		B6078FFA1B6667C0003EBBCD /* VEWebViewController.m */ = {isa = PBXFileReference; fileEncoding = 4; lastKnownFileType = sourcecode.c.objc; path = VEWebViewController.m; sourceTree = "<group>"; };
		B60EADB71B6262200062A097 /* VEAPIClient.h */ = {isa = PBXFileReference; fileEncoding = 4; lastKnownFileType = sourcecode.c.h; path = VEAPIClient.h; sourceTree = "<group>"; };
		B60EADB81B6262200062A097 /* VEAPIClient.m */ = {isa = PBXFileReference; fileEncoding = 4; lastKnownFileType = sourcecode.c.objc; path = VEAPIClient.m; sourceTree = "<group>"; };
		B60EADBB1B626C390062A097 /* zh-Hans */ = {isa = PBXFileReference; lastKnownFileType = text.plist.strings; name = "zh-Hans"; path = "zh-Hans.lproj/Main.strings"; sourceTree = "<group>"; };
		B60EADBC1B626C390062A097 /* zh-Hans */ = {isa = PBXFileReference; lastKnownFileType = text.plist.strings; name = "zh-Hans"; path = "zh-Hans.lproj/LaunchScreen.strings"; sourceTree = "<group>"; };
		B60EADBE1B626D280062A097 /* VENavigationController.h */ = {isa = PBXFileReference; fileEncoding = 4; lastKnownFileType = sourcecode.c.h; path = VENavigationController.h; sourceTree = "<group>"; };
		B60EADBF1B626D280062A097 /* VENavigationController.m */ = {isa = PBXFileReference; fileEncoding = 4; lastKnownFileType = sourcecode.c.objc; path = VENavigationController.m; sourceTree = "<group>"; };
		B60EADC11B626DCA0062A097 /* VETabBarController.h */ = {isa = PBXFileReference; lastKnownFileType = sourcecode.c.h; path = VETabBarController.h; sourceTree = "<group>"; };
		B60EADC21B626DCF0062A097 /* VETabBarController.m */ = {isa = PBXFileReference; fileEncoding = 4; lastKnownFileType = sourcecode.c.objc; path = VETabBarController.m; sourceTree = "<group>"; };
		B64574DA1B6248AB00886225 /* V2EX.app */ = {isa = PBXFileReference; explicitFileType = wrapper.application; includeInIndex = 0; path = V2EX.app; sourceTree = BUILT_PRODUCTS_DIR; };
		B64574DE1B6248AB00886225 /* Info.plist */ = {isa = PBXFileReference; lastKnownFileType = text.plist.xml; path = Info.plist; sourceTree = "<group>"; };
		B64574DF1B6248AB00886225 /* main.m */ = {isa = PBXFileReference; lastKnownFileType = sourcecode.c.objc; path = main.m; sourceTree = "<group>"; };
		B64574E11B6248AB00886225 /* AppDelegate.h */ = {isa = PBXFileReference; lastKnownFileType = sourcecode.c.h; path = AppDelegate.h; sourceTree = "<group>"; };
		B64574E21B6248AB00886225 /* AppDelegate.m */ = {isa = PBXFileReference; lastKnownFileType = sourcecode.c.objc; path = AppDelegate.m; sourceTree = "<group>"; };
		B64574EB1B6248AB00886225 /* Base */ = {isa = PBXFileReference; lastKnownFileType = file.storyboard; name = Base; path = Base.lproj/Main.storyboard; sourceTree = "<group>"; };
		B64574ED1B6248AB00886225 /* Images.xcassets */ = {isa = PBXFileReference; lastKnownFileType = folder.assetcatalog; path = Images.xcassets; sourceTree = "<group>"; };
		B64574F01B6248AB00886225 /* Base */ = {isa = PBXFileReference; lastKnownFileType = file.xib; name = Base; path = Base.lproj/LaunchScreen.xib; sourceTree = "<group>"; };
		B64574F61B6248AB00886225 /* V2EXTests.xctest */ = {isa = PBXFileReference; explicitFileType = wrapper.cfbundle; includeInIndex = 0; path = V2EXTests.xctest; sourceTree = BUILT_PRODUCTS_DIR; };
		B64574FB1B6248AB00886225 /* Info.plist */ = {isa = PBXFileReference; lastKnownFileType = text.plist.xml; path = Info.plist; sourceTree = "<group>"; };
		B64574FC1B6248AB00886225 /* V2EXTests.m */ = {isa = PBXFileReference; lastKnownFileType = sourcecode.c.objc; path = V2EXTests.m; sourceTree = "<group>"; };
		B65032BD1B91D3EE00B077B3 /* VETopicTableViewController.h */ = {isa = PBXFileReference; fileEncoding = 4; lastKnownFileType = sourcecode.c.h; path = VETopicTableViewController.h; sourceTree = "<group>"; };
		B65032BE1B91D3EE00B077B3 /* VETopicTableViewController.m */ = {isa = PBXFileReference; fileEncoding = 4; lastKnownFileType = sourcecode.c.objc; path = VETopicTableViewController.m; sourceTree = "<group>"; };
		B65032C71B91D55F00B077B3 /* VETopicModel.h */ = {isa = PBXFileReference; fileEncoding = 4; lastKnownFileType = sourcecode.c.h; path = VETopicModel.h; sourceTree = "<group>"; };
		B65032C81B91D55F00B077B3 /* VETopicModel.m */ = {isa = PBXFileReference; fileEncoding = 4; lastKnownFileType = sourcecode.c.objc; path = VETopicModel.m; sourceTree = "<group>"; };
		B65032CB1B91D62800B077B3 /* VEMemberModel.h */ = {isa = PBXFileReference; fileEncoding = 4; lastKnownFileType = sourcecode.c.h; path = VEMemberModel.h; sourceTree = "<group>"; };
		B65032CC1B91D62800B077B3 /* VEMemberModel.m */ = {isa = PBXFileReference; fileEncoding = 4; lastKnownFileType = sourcecode.c.objc; path = VEMemberModel.m; sourceTree = "<group>"; };
		B65032CE1B91D77F00B077B3 /* VENodeModel.h */ = {isa = PBXFileReference; fileEncoding = 4; lastKnownFileType = sourcecode.c.h; path = VENodeModel.h; sourceTree = "<group>"; };
		B65032CF1B91D77F00B077B3 /* VENodeModel.m */ = {isa = PBXFileReference; fileEncoding = 4; lastKnownFileType = sourcecode.c.objc; path = VENodeModel.m; sourceTree = "<group>"; };
		B65032D11B91DA3700B077B3 /* VEReplieModel.h */ = {isa = PBXFileReference; fileEncoding = 4; lastKnownFileType = sourcecode.c.h; path = VEReplieModel.h; sourceTree = "<group>"; };
		B65032D21B91DA3700B077B3 /* VEReplieModel.m */ = {isa = PBXFileReference; fileEncoding = 4; lastKnownFileType = sourcecode.c.objc; path = VEReplieModel.m; sourceTree = "<group>"; };
		B65032DB1B91DE2C00B077B3 /* NSDate+Formatter.h */ = {isa = PBXFileReference; fileEncoding = 4; lastKnownFileType = sourcecode.c.h; path = "NSDate+Formatter.h"; sourceTree = "<group>"; };
		B65032DC1B91DE2C00B077B3 /* NSDate+Formatter.m */ = {isa = PBXFileReference; fileEncoding = 4; lastKnownFileType = sourcecode.c.objc; path = "NSDate+Formatter.m"; sourceTree = "<group>"; };
		B65032E31B91DF9200B077B3 /* VENodesOperator.h */ = {isa = PBXFileReference; fileEncoding = 4; lastKnownFileType = sourcecode.c.h; path = VENodesOperator.h; sourceTree = "<group>"; };
		B65032E41B91DF9200B077B3 /* VENodesOperator.m */ = {isa = PBXFileReference; fileEncoding = 4; lastKnownFileType = sourcecode.c.objc; path = VENodesOperator.m; sourceTree = "<group>"; };
		B65032E71B91DFF400B077B3 /* VESiteOperator.h */ = {isa = PBXFileReference; fileEncoding = 4; lastKnownFileType = sourcecode.c.h; path = VESiteOperator.h; sourceTree = "<group>"; };
		B65032E81B91DFF400B077B3 /* VESiteOperator.m */ = {isa = PBXFileReference; fileEncoding = 4; lastKnownFileType = sourcecode.c.objc; path = VESiteOperator.m; sourceTree = "<group>"; };
		B65032EA1B91EFB300B077B3 /* VEReplieTableViewCell.h */ = {isa = PBXFileReference; fileEncoding = 4; lastKnownFileType = sourcecode.c.h; path = VEReplieTableViewCell.h; sourceTree = "<group>"; };
		B65032EB1B91EFB300B077B3 /* VEReplieTableViewCell.m */ = {isa = PBXFileReference; fileEncoding = 4; lastKnownFileType = sourcecode.c.objc; path = VEReplieTableViewCell.m; sourceTree = "<group>"; };
		B65032EC1B91EFB300B077B3 /* VEReplieTableViewCell.xib */ = {isa = PBXFileReference; fileEncoding = 4; lastKnownFileType = file.xib; path = VEReplieTableViewCell.xib; sourceTree = "<group>"; };
		B65032EF1B91F2CF00B077B3 /* VETopicContentTableViewCell.h */ = {isa = PBXFileReference; fileEncoding = 4; lastKnownFileType = sourcecode.c.h; path = VETopicContentTableViewCell.h; sourceTree = "<group>"; };
		B65032F01B91F2CF00B077B3 /* VETopicContentTableViewCell.m */ = {isa = PBXFileReference; fileEncoding = 4; lastKnownFileType = sourcecode.c.objc; path = VETopicContentTableViewCell.m; sourceTree = "<group>"; };
		B65032F11B91F2CF00B077B3 /* VETopicContentTableViewCell.xib */ = {isa = PBXFileReference; fileEncoding = 4; lastKnownFileType = file.xib; path = VETopicContentTableViewCell.xib; sourceTree = "<group>"; };
		B65032F41B91F40200B077B3 /* UIWebView+Single.h */ = {isa = PBXFileReference; fileEncoding = 4; lastKnownFileType = sourcecode.c.h; path = "UIWebView+Single.h"; sourceTree = "<group>"; };
		B65032F51B91F40200B077B3 /* UIWebView+Single.m */ = {isa = PBXFileReference; fileEncoding = 4; lastKnownFileType = sourcecode.c.objc; path = "UIWebView+Single.m"; sourceTree = "<group>"; };
		B69FE84D1B9344FA00F527CD /* VEReplieOperator.h */ = {isa = PBXFileReference; fileEncoding = 4; lastKnownFileType = sourcecode.c.h; path = VEReplieOperator.h; sourceTree = "<group>"; };
		B69FE84E1B9344FA00F527CD /* VEReplieOperator.m */ = {isa = PBXFileReference; fileEncoding = 4; lastKnownFileType = sourcecode.c.objc; path = VEReplieOperator.m; sourceTree = "<group>"; };
		B6EEDC641B8C3CF2003A5F39 /* VETopicTableViewCell.h */ = {isa = PBXFileReference; fileEncoding = 4; lastKnownFileType = sourcecode.c.h; path = VETopicTableViewCell.h; sourceTree = "<group>"; };
		B6EEDC651B8C3CF2003A5F39 /* VETopicTableViewCell.m */ = {isa = PBXFileReference; fileEncoding = 4; lastKnownFileType = sourcecode.c.objc; path = VETopicTableViewCell.m; sourceTree = "<group>"; };
		B6EEDC661B8C3CF2003A5F39 /* VETopicTableViewCell.xib */ = {isa = PBXFileReference; fileEncoding = 4; lastKnownFileType = file.xib; path = VETopicTableViewCell.xib; sourceTree = "<group>"; };
		CE88D9271BAC5FB300CA2756 /* VEFeedbackTableViewController.h */ = {isa = PBXFileReference; fileEncoding = 4; lastKnownFileType = sourcecode.c.h; path = VEFeedbackTableViewController.h; sourceTree = "<group>"; };
		CE88D9281BAC5FB300CA2756 /* VEFeedbackTableViewController.m */ = {isa = PBXFileReference; fileEncoding = 4; lastKnownFileType = sourcecode.c.objc; path = VEFeedbackTableViewController.m; sourceTree = "<group>"; };
		CE88D92B1BAC607900CA2756 /* VEFeedbackCommitTableViewCell.h */ = {isa = PBXFileReference; fileEncoding = 4; lastKnownFileType = sourcecode.c.h; path = VEFeedbackCommitTableViewCell.h; sourceTree = "<group>"; };
		CE88D92C1BAC607900CA2756 /* VEFeedbackCommitTableViewCell.m */ = {isa = PBXFileReference; fileEncoding = 4; lastKnownFileType = sourcecode.c.objc; path = VEFeedbackCommitTableViewCell.m; sourceTree = "<group>"; };
		CE88D92E1BAC609400CA2756 /* VEFeedbackContentTableViewCell.h */ = {isa = PBXFileReference; fileEncoding = 4; lastKnownFileType = sourcecode.c.h; path = VEFeedbackContentTableViewCell.h; sourceTree = "<group>"; };
		CE88D92F1BAC609400CA2756 /* VEFeedbackContentTableViewCell.m */ = {isa = PBXFileReference; fileEncoding = 4; lastKnownFileType = sourcecode.c.objc; path = VEFeedbackContentTableViewCell.m; sourceTree = "<group>"; };
		CE88D9311BAC60A200CA2756 /* VEFeedbackContactTableViewCell.h */ = {isa = PBXFileReference; fileEncoding = 4; lastKnownFileType = sourcecode.c.h; path = VEFeedbackContactTableViewCell.h; sourceTree = "<group>"; };
		CE88D9321BAC60A200CA2756 /* VEFeedbackContactTableViewCell.m */ = {isa = PBXFileReference; fileEncoding = 4; lastKnownFileType = sourcecode.c.objc; path = VEFeedbackContactTableViewCell.m; sourceTree = "<group>"; };
		CE88D9341BAC63CA00CA2756 /* VEFeedbackCommitTableViewCell.xib */ = {isa = PBXFileReference; fileEncoding = 4; lastKnownFileType = file.xib; path = VEFeedbackCommitTableViewCell.xib; sourceTree = "<group>"; };
		CE88D9361BAC63D600CA2756 /* VEFeedbackContentTableViewCell.xib */ = {isa = PBXFileReference; fileEncoding = 4; lastKnownFileType = file.xib; path = VEFeedbackContentTableViewCell.xib; sourceTree = "<group>"; };
		CE88D9381BAC63E200CA2756 /* VEFeedbackContactTableViewCell.xib */ = {isa = PBXFileReference; fileEncoding = 4; lastKnownFileType = file.xib; path = VEFeedbackContactTableViewCell.xib; sourceTree = "<group>"; };
		CE88D93A1BAC664E00CA2756 /* VEFeedBackModel.h */ = {isa = PBXFileReference; fileEncoding = 4; lastKnownFileType = sourcecode.c.h; path = VEFeedBackModel.h; sourceTree = "<group>"; };
		CE88D93B1BAC664E00CA2756 /* VEFeedBackModel.m */ = {isa = PBXFileReference; fileEncoding = 4; lastKnownFileType = sourcecode.c.objc; path = VEFeedBackModel.m; sourceTree = "<group>"; };
		E3C29D8310270B75DA2F7CA9 /* Pods.debug.xcconfig */ = {isa = PBXFileReference; includeInIndex = 1; lastKnownFileType = text.xcconfig; name = Pods.debug.xcconfig; path = "Pods/Target Support Files/Pods/Pods.debug.xcconfig"; sourceTree = "<group>"; };
/* End PBXFileReference section */

/* Begin PBXFrameworksBuildPhase section */
		B64574D71B6248AB00886225 /* Frameworks */ = {
			isa = PBXFrameworksBuildPhase;
			buildActionMask = 2147483647;
			files = (
				78CD67BE694B2DF09E88818E /* libPods.a in Frameworks */,
			);
			runOnlyForDeploymentPostprocessing = 0;
		};
		B64574F31B6248AB00886225 /* Frameworks */ = {
			isa = PBXFrameworksBuildPhase;
			buildActionMask = 2147483647;
			files = (
			);
			runOnlyForDeploymentPostprocessing = 0;
		};
/* End PBXFrameworksBuildPhase section */

/* Begin PBXGroup section */
		12F932D7A9CDFA2C17E421F1 /* Frameworks */ = {
			isa = PBXGroup;
			children = (
				4394C6E375D63529F591FDDD /* libPods.a */,
			);
			name = Frameworks;
			sourceTree = "<group>";
		};
		212FCDCC1B9593B900DDF36D /* Topics */ = {
			isa = PBXGroup;
			children = (
				212FCDD01B95960B00DDF36D /* Operator */,
				212FCDCD1B95942A00DDF36D /* VETopicListController.h */,
				212FCDCE1B95942A00DDF36D /* VETopicListController.m */,
			);
			name = Topics;
			sourceTree = "<group>";
		};
		212FCDD01B95960B00DDF36D /* Operator */ = {
			isa = PBXGroup;
			children = (
				212FCDD11B95977C00DDF36D /* VETopicListOperator.h */,
				212FCDD21B95977C00DDF36D /* VETopicListOperator.m */,
			);
			name = Operator;
			sourceTree = "<group>";
		};
		21BB44311B7DB6CB0032DCA8 /* Nodes */ = {
			isa = PBXGroup;
			children = (
				B65032E21B91DF8500B077B3 /* Operator */,
				21BB44331B7DB7960032DCA8 /* VENodesController.h */,
				21BB44341B7DB7960032DCA8 /* VENodesController.m */,
			);
			name = Nodes;
			sourceTree = "<group>";
		};
		21BB443D1B81F96E0032DCA8 /* About */ = {
			isa = PBXGroup;
			children = (
				CE88D92A1BAC605500CA2756 /* View */,
				B65032E61B91DFE100B077B3 /* Operator */,
				21BB44451B81FBAE0032DCA8 /* VEAboutController.h */,
				21BB44461B81FBAE0032DCA8 /* VEAboutController.m */,
				CE88D9271BAC5FB300CA2756 /* VEFeedbackTableViewController.h */,
				CE88D9281BAC5FB300CA2756 /* VEFeedbackTableViewController.m */,
				CE88D93A1BAC664E00CA2756 /* VEFeedBackModel.h */,
				CE88D93B1BAC664E00CA2756 /* VEFeedBackModel.m */,
			);
			name = About;
			sourceTree = "<group>";
		};
		21BDCF391B99FA7A0012EADE /* Member */ = {
			isa = PBXGroup;
			children = (
				21BDCF3A1B99FAD70012EADE /* View */,
				21BDCF3B1B99FAE30012EADE /* Operator */,
				21BDCF3C1B99FAF40012EADE /* Model */,
				21BDCF3D1B99FB170012EADE /* Controller */,
			);
			name = Member;
			sourceTree = "<group>";
		};
		21BDCF3A1B99FAD70012EADE /* View */ = {
			isa = PBXGroup;
			children = (
				21BDCF471B9AD1C20012EADE /* VEMemberTableViewCell.h */,
				21BDCF481B9AD1C20012EADE /* VEMemberTableViewCell.m */,
				21BDCF491B9AD1C20012EADE /* VEMemberTableViewCell.xib */,
			);
			name = View;
			sourceTree = "<group>";
		};
		21BDCF3B1B99FAE30012EADE /* Operator */ = {
			isa = PBXGroup;
			children = (
				21BDCF3E1B9A00E30012EADE /* VEMemberOperator.h */,
				21BDCF3F1B9A00E30012EADE /* VEMemberOperator.m */,
			);
			name = Operator;
			sourceTree = "<group>";
		};
		21BDCF3C1B99FAF40012EADE /* Model */ = {
			isa = PBXGroup;
			children = (
			);
			name = Model;
			sourceTree = "<group>";
		};
		21BDCF3D1B99FB170012EADE /* Controller */ = {
			isa = PBXGroup;
			children = (
				21BDCF411B9A1B4C0012EADE /* VEMemberTableViewController.h */,
				21BDCF421B9A1B4C0012EADE /* VEMemberTableViewController.m */,
			);
			name = Controller;
			sourceTree = "<group>";
		};
		21E980111B9387A8009E03AB /* Thanks */ = {
			isa = PBXGroup;
			children = (
				21E980151B938968009E03AB /* VEOpenComponentsController.h */,
				21E980161B938968009E03AB /* VEOpenComponentsController.m */,
				21E9801A1B939D8A009E03AB /* VEOpenComponentLicenseController.h */,
				21E9801B1B939D8A009E03AB /* VEOpenComponentLicenseController.m */,
			);
			name = Thanks;
			sourceTree = "<group>";
		};
		502709F19067C4D9DE9D450A /* Pods */ = {
			isa = PBXGroup;
			children = (
				E3C29D8310270B75DA2F7CA9 /* Pods.debug.xcconfig */,
				39B7B0D23C0D99D7D7258303 /* Pods.release.xcconfig */,
			);
			name = Pods;
			sourceTree = "<group>";
		};
		B6078FF81B66679D003EBBCD /* CommonModule */ = {
			isa = PBXGroup;
			children = (
				B65032CA1B91D61800B077B3 /* Model */,
				B65032C21B91D50C00B077B3 /* Topic */,
				21BDCF391B99FA7A0012EADE /* Member */,
				B65032C01B91D4F700B077B3 /* Web */,
				21E980111B9387A8009E03AB /* Thanks */,
			);
			name = CommonModule;
			sourceTree = "<group>";
		};
		B60EADBD1B626CF60062A097 /* Base */ = {
			isa = PBXGroup;
			children = (
				B60EADC11B626DCA0062A097 /* VETabBarController.h */,
				B60EADC21B626DCF0062A097 /* VETabBarController.m */,
				B60EADBE1B626D280062A097 /* VENavigationController.h */,
				B60EADBF1B626D280062A097 /* VENavigationController.m */,
			);
			name = Base;
			sourceTree = "<group>";
		};
		B64574D11B6248AB00886225 = {
			isa = PBXGroup;
			children = (
				B64574DC1B6248AB00886225 /* V2EX */,
				B64574F91B6248AB00886225 /* V2EXTests */,
				B64574DB1B6248AB00886225 /* Products */,
				502709F19067C4D9DE9D450A /* Pods */,
				12F932D7A9CDFA2C17E421F1 /* Frameworks */,
			);
			sourceTree = "<group>";
		};
		B64574DB1B6248AB00886225 /* Products */ = {
			isa = PBXGroup;
			children = (
				B64574DA1B6248AB00886225 /* V2EX.app */,
				B64574F61B6248AB00886225 /* V2EXTests.xctest */,
			);
			name = Products;
			sourceTree = "<group>";
		};
		B64574DC1B6248AB00886225 /* V2EX */ = {
			isa = PBXGroup;
			children = (
				B6EEDC5E1B8C3C6A003A5F39 /* PublicView */,
				B6078FF81B66679D003EBBCD /* CommonModule */,
				B60EADBD1B626CF60062A097 /* Base */,
				B64575071B625E9300886225 /* Util */,
				212FCDCC1B9593B900DDF36D /* Topics */,
				21BB44311B7DB6CB0032DCA8 /* Nodes */,
				21BB443D1B81F96E0032DCA8 /* About */,
				B64574DD1B6248AB00886225 /* Supporting Files */,
			);
			path = V2EX;
			sourceTree = "<group>";
		};
		B64574DD1B6248AB00886225 /* Supporting Files */ = {
			isa = PBXGroup;
			children = (
				B64574E11B6248AB00886225 /* AppDelegate.h */,
				B64574E21B6248AB00886225 /* AppDelegate.m */,
				B64574EA1B6248AB00886225 /* Main.storyboard */,
				B64574ED1B6248AB00886225 /* Images.xcassets */,
				B64574EF1B6248AB00886225 /* LaunchScreen.xib */,
				B64574DE1B6248AB00886225 /* Info.plist */,
				B64574DF1B6248AB00886225 /* main.m */,
				21E980181B938EFB009E03AB /* OpenComponentsInfo.plist */,
			);
			name = "Supporting Files";
			sourceTree = "<group>";
		};
		B64574F91B6248AB00886225 /* V2EXTests */ = {
			isa = PBXGroup;
			children = (
				B64574FC1B6248AB00886225 /* V2EXTests.m */,
				B64574FA1B6248AB00886225 /* Supporting Files */,
			);
			path = V2EXTests;
			sourceTree = "<group>";
		};
		B64574FA1B6248AB00886225 /* Supporting Files */ = {
			isa = PBXGroup;
			children = (
				B64574FB1B6248AB00886225 /* Info.plist */,
			);
			name = "Supporting Files";
			sourceTree = "<group>";
		};
		B64575071B625E9300886225 /* Util */ = {
			isa = PBXGroup;
			children = (
				212FCDC61B9568BB00DDF36D /* UIViewController+BackButtonHandler.h */,
				212FCDC71B9568BB00DDF36D /* UIViewController+BackButtonHandler.m */,
				217FC2BC1B834C8500238388 /* ICPinyinGroup.h */,
				217FC2BD1B834C8500238388 /* ICPinyinGroup.m */,
				B60EADB71B6262200062A097 /* VEAPIClient.h */,
				B60EADB81B6262200062A097 /* VEAPIClient.m */,
				B65032DB1B91DE2C00B077B3 /* NSDate+Formatter.h */,
				B65032DC1B91DE2C00B077B3 /* NSDate+Formatter.m */,
				B65032F41B91F40200B077B3 /* UIWebView+Single.h */,
				B65032F51B91F40200B077B3 /* UIWebView+Single.m */,
				212FCDC91B95933D00DDF36D /* VETopicListControllerUtil.h */,
				212FCDCA1B95933D00DDF36D /* VETopicListControllerUtil.m */,
			);
			name = Util;
			sourceTree = "<group>";
		};
		B65032C01B91D4F700B077B3 /* Web */ = {
			isa = PBXGroup;
			children = (
				B65032C11B91D50200B077B3 /* Controller */,
			);
			name = Web;
			sourceTree = "<group>";
		};
		B65032C11B91D50200B077B3 /* Controller */ = {
			isa = PBXGroup;
			children = (
				B6078FF91B6667C0003EBBCD /* VEWebViewController.h */,
				B6078FFA1B6667C0003EBBCD /* VEWebViewController.m */,
			);
			name = Controller;
			sourceTree = "<group>";
		};
		B65032C21B91D50C00B077B3 /* Topic */ = {
			isa = PBXGroup;
			children = (
				B65032C61B91D53C00B077B3 /* View */,
				B65032C51B91D53200B077B3 /* Operator */,
				B65032C41B91D52A00B077B3 /* Model */,
				B65032C31B91D51E00B077B3 /* Controller */,
			);
			name = Topic;
			sourceTree = "<group>";
		};
		B65032C31B91D51E00B077B3 /* Controller */ = {
			isa = PBXGroup;
			children = (
				B65032BD1B91D3EE00B077B3 /* VETopicTableViewController.h */,
				B65032BE1B91D3EE00B077B3 /* VETopicTableViewController.m */,
			);
			name = Controller;
			sourceTree = "<group>";
		};
		B65032C41B91D52A00B077B3 /* Model */ = {
			isa = PBXGroup;
			children = (
			);
			name = Model;
			sourceTree = "<group>";
		};
		B65032C51B91D53200B077B3 /* Operator */ = {
			isa = PBXGroup;
			children = (
				B69FE84D1B9344FA00F527CD /* VEReplieOperator.h */,
				B69FE84E1B9344FA00F527CD /* VEReplieOperator.m */,
			);
			name = Operator;
			sourceTree = "<group>";
		};
		B65032C61B91D53C00B077B3 /* View */ = {
			isa = PBXGroup;
			children = (
				B65032EA1B91EFB300B077B3 /* VEReplieTableViewCell.h */,
				B65032EB1B91EFB300B077B3 /* VEReplieTableViewCell.m */,
				B65032EC1B91EFB300B077B3 /* VEReplieTableViewCell.xib */,
				B65032EF1B91F2CF00B077B3 /* VETopicContentTableViewCell.h */,
				B65032F01B91F2CF00B077B3 /* VETopicContentTableViewCell.m */,
				B65032F11B91F2CF00B077B3 /* VETopicContentTableViewCell.xib */,
			);
			name = View;
			sourceTree = "<group>";
		};
		B65032CA1B91D61800B077B3 /* Model */ = {
			isa = PBXGroup;
			children = (
				B65032C71B91D55F00B077B3 /* VETopicModel.h */,
				B65032C81B91D55F00B077B3 /* VETopicModel.m */,
				B65032CB1B91D62800B077B3 /* VEMemberModel.h */,
				B65032CC1B91D62800B077B3 /* VEMemberModel.m */,
				B65032CE1B91D77F00B077B3 /* VENodeModel.h */,
				B65032CF1B91D77F00B077B3 /* VENodeModel.m */,
				B65032D11B91DA3700B077B3 /* VEReplieModel.h */,
				B65032D21B91DA3700B077B3 /* VEReplieModel.m */,
				21E9800E1B8A07C8009E03AB /* VESiteModel.h */,
				21E9800F1B8A07C8009E03AB /* VESiteModel.m */,
			);
			name = Model;
			sourceTree = "<group>";
		};
		B65032E21B91DF8500B077B3 /* Operator */ = {
			isa = PBXGroup;
			children = (
				B65032E31B91DF9200B077B3 /* VENodesOperator.h */,
				B65032E41B91DF9200B077B3 /* VENodesOperator.m */,
			);
			name = Operator;
			sourceTree = "<group>";
		};
		B65032E61B91DFE100B077B3 /* Operator */ = {
			isa = PBXGroup;
			children = (
				B65032E71B91DFF400B077B3 /* VESiteOperator.h */,
				B65032E81B91DFF400B077B3 /* VESiteOperator.m */,
			);
			name = Operator;
			sourceTree = "<group>";
		};
		B6EEDC5E1B8C3C6A003A5F39 /* PublicView */ = {
			isa = PBXGroup;
			children = (
				B6EEDC641B8C3CF2003A5F39 /* VETopicTableViewCell.h */,
				B6EEDC651B8C3CF2003A5F39 /* VETopicTableViewCell.m */,
				B6EEDC661B8C3CF2003A5F39 /* VETopicTableViewCell.xib */,
			);
			name = PublicView;
			sourceTree = "<group>";
		};
		CE88D92A1BAC605500CA2756 /* View */ = {
			isa = PBXGroup;
			children = (
				CE88D92B1BAC607900CA2756 /* VEFeedbackCommitTableViewCell.h */,
				CE88D92C1BAC607900CA2756 /* VEFeedbackCommitTableViewCell.m */,
				CE88D9341BAC63CA00CA2756 /* VEFeedbackCommitTableViewCell.xib */,
				CE88D92E1BAC609400CA2756 /* VEFeedbackContentTableViewCell.h */,
				CE88D92F1BAC609400CA2756 /* VEFeedbackContentTableViewCell.m */,
				CE88D9361BAC63D600CA2756 /* VEFeedbackContentTableViewCell.xib */,
				CE88D9311BAC60A200CA2756 /* VEFeedbackContactTableViewCell.h */,
				CE88D9321BAC60A200CA2756 /* VEFeedbackContactTableViewCell.m */,
				CE88D9381BAC63E200CA2756 /* VEFeedbackContactTableViewCell.xib */,
			);
			name = View;
			sourceTree = "<group>";
		};
/* End PBXGroup section */

/* Begin PBXNativeTarget section */
		B64574D91B6248AB00886225 /* V2EX */ = {
			isa = PBXNativeTarget;
			buildConfigurationList = B64575001B6248AB00886225 /* Build configuration list for PBXNativeTarget "V2EX" */;
			buildPhases = (
				100E07E061215C5A9F926D92 /* Check Pods Manifest.lock */,
				B64574D61B6248AB00886225 /* Sources */,
				B64574D71B6248AB00886225 /* Frameworks */,
				B64574D81B6248AB00886225 /* Resources */,
				760BEC378B1930076634985B /* Copy Pods Resources */,
			);
			buildRules = (
			);
			dependencies = (
			);
			name = V2EX;
			productName = V2EX;
			productReference = B64574DA1B6248AB00886225 /* V2EX.app */;
			productType = "com.apple.product-type.application";
		};
		B64574F51B6248AB00886225 /* V2EXTests */ = {
			isa = PBXNativeTarget;
			buildConfigurationList = B64575031B6248AB00886225 /* Build configuration list for PBXNativeTarget "V2EXTests" */;
			buildPhases = (
				B64574F21B6248AB00886225 /* Sources */,
				B64574F31B6248AB00886225 /* Frameworks */,
				B64574F41B6248AB00886225 /* Resources */,
			);
			buildRules = (
			);
			dependencies = (
				B64574F81B6248AB00886225 /* PBXTargetDependency */,
			);
			name = V2EXTests;
			productName = V2EXTests;
			productReference = B64574F61B6248AB00886225 /* V2EXTests.xctest */;
			productType = "com.apple.product-type.bundle.unit-test";
		};
/* End PBXNativeTarget section */

/* Begin PBXProject section */
		B64574D21B6248AB00886225 /* Project object */ = {
			isa = PBXProject;
			attributes = {
				LastUpgradeCheck = 0640;
				ORGANIZATIONNAME = owl;
				TargetAttributes = {
					B64574D91B6248AB00886225 = {
						CreatedOnToolsVersion = 6.4;
						DevelopmentTeam = G4P2PN77YA;
					};
					B64574F51B6248AB00886225 = {
						CreatedOnToolsVersion = 6.4;
						TestTargetID = B64574D91B6248AB00886225;
					};
				};
			};
			buildConfigurationList = B64574D51B6248AB00886225 /* Build configuration list for PBXProject "V2EX" */;
			compatibilityVersion = "Xcode 3.2";
			developmentRegion = English;
			hasScannedForEncodings = 0;
			knownRegions = (
				en,
				Base,
			);
			mainGroup = B64574D11B6248AB00886225;
			productRefGroup = B64574DB1B6248AB00886225 /* Products */;
			projectDirPath = "";
			projectRoot = "";
			targets = (
				B64574D91B6248AB00886225 /* V2EX */,
				B64574F51B6248AB00886225 /* V2EXTests */,
			);
		};
/* End PBXProject section */

/* Begin PBXResourcesBuildPhase section */
		B64574D81B6248AB00886225 /* Resources */ = {
			isa = PBXResourcesBuildPhase;
			buildActionMask = 2147483647;
			files = (
				CE88D9351BAC63CA00CA2756 /* VEFeedbackCommitTableViewCell.xib in Resources */,
				21BDCF4B1B9AD1C20012EADE /* VEMemberTableViewCell.xib in Resources */,
				B65032F31B91F2CF00B077B3 /* VETopicContentTableViewCell.xib in Resources */,
				21E980191B938EFB009E03AB /* OpenComponentsInfo.plist in Resources */,
				CE88D9391BAC63E200CA2756 /* VEFeedbackContactTableViewCell.xib in Resources */,
				B6EEDC681B8C3CF2003A5F39 /* VETopicTableViewCell.xib in Resources */,
				CE88D9371BAC63D600CA2756 /* VEFeedbackContentTableViewCell.xib in Resources */,
				B64574EC1B6248AB00886225 /* Main.storyboard in Resources */,
				B64574F11B6248AB00886225 /* LaunchScreen.xib in Resources */,
				B65032EE1B91EFB300B077B3 /* VEReplieTableViewCell.xib in Resources */,
				B64574EE1B6248AB00886225 /* Images.xcassets in Resources */,
			);
			runOnlyForDeploymentPostprocessing = 0;
		};
		B64574F41B6248AB00886225 /* Resources */ = {
			isa = PBXResourcesBuildPhase;
			buildActionMask = 2147483647;
			files = (
			);
			runOnlyForDeploymentPostprocessing = 0;
		};
/* End PBXResourcesBuildPhase section */

/* Begin PBXShellScriptBuildPhase section */
		100E07E061215C5A9F926D92 /* Check Pods Manifest.lock */ = {
			isa = PBXShellScriptBuildPhase;
			buildActionMask = 2147483647;
			files = (
			);
			inputPaths = (
			);
			name = "Check Pods Manifest.lock";
			outputPaths = (
			);
			runOnlyForDeploymentPostprocessing = 0;
			shellPath = /bin/sh;
			shellScript = "diff \"${PODS_ROOT}/../Podfile.lock\" \"${PODS_ROOT}/Manifest.lock\" > /dev/null\nif [[ $? != 0 ]] ; then\n    cat << EOM\nerror: The sandbox is not in sync with the Podfile.lock. Run 'pod install' or update your CocoaPods installation.\nEOM\n    exit 1\nfi\n";
			showEnvVarsInLog = 0;
		};
		760BEC378B1930076634985B /* Copy Pods Resources */ = {
			isa = PBXShellScriptBuildPhase;
			buildActionMask = 2147483647;
			files = (
			);
			inputPaths = (
			);
			name = "Copy Pods Resources";
			outputPaths = (
			);
			runOnlyForDeploymentPostprocessing = 0;
			shellPath = /bin/sh;
			shellScript = "\"${SRCROOT}/Pods/Target Support Files/Pods/Pods-resources.sh\"\n";
			showEnvVarsInLog = 0;
		};
/* End PBXShellScriptBuildPhase section */

/* Begin PBXSourcesBuildPhase section */
		B64574D61B6248AB00886225 /* Sources */ = {
			isa = PBXSourcesBuildPhase;
			buildActionMask = 2147483647;
			files = (
				21BDCF401B9A00E30012EADE /* VEMemberOperator.m in Sources */,
				B65032C91B91D55F00B077B3 /* VETopicModel.m in Sources */,
				B65032ED1B91EFB300B077B3 /* VEReplieTableViewCell.m in Sources */,
				B6EEDC671B8C3CF2003A5F39 /* VETopicTableViewCell.m in Sources */,
				21BB44471B81FBAE0032DCA8 /* VEAboutController.m in Sources */,
				21BB44351B7DB7960032DCA8 /* VENodesController.m in Sources */,
				217FC2BE1B834C8500238388 /* ICPinyinGroup.m in Sources */,
				B64574E31B6248AB00886225 /* AppDelegate.m in Sources */,
				CE88D9291BAC5FB300CA2756 /* VEFeedbackTableViewController.m in Sources */,
				21BDCF4A1B9AD1C20012EADE /* VEMemberTableViewCell.m in Sources */,
				21BDCF431B9A1B4C0012EADE /* VEMemberTableViewController.m in Sources */,
				B64574E01B6248AB00886225 /* main.m in Sources */,
				212FCDC81B9568BB00DDF36D /* UIViewController+BackButtonHandler.m in Sources */,
				B60EADC31B626DCF0062A097 /* VETabBarController.m in Sources */,
				212FCDCF1B95942A00DDF36D /* VETopicListController.m in Sources */,
				B65032CD1B91D62800B077B3 /* VEMemberModel.m in Sources */,
				21E980101B8A07C8009E03AB /* VESiteModel.m in Sources */,
				CE88D9301BAC609400CA2756 /* VEFeedbackContentTableViewCell.m in Sources */,
				B69FE84F1B9344FA00F527CD /* VEReplieOperator.m in Sources */,
				B65032BF1B91D3EE00B077B3 /* VETopicTableViewController.m in Sources */,
				CE88D9331BAC60A200CA2756 /* VEFeedbackContactTableViewCell.m in Sources */,
				B6078FFB1B6667C0003EBBCD /* VEWebViewController.m in Sources */,
				B65032F21B91F2CF00B077B3 /* VETopicContentTableViewCell.m in Sources */,
				212FCDCB1B95933D00DDF36D /* VETopicListControllerUtil.m in Sources */,
				CE88D92D1BAC607900CA2756 /* VEFeedbackCommitTableViewCell.m in Sources */,
				21E9801C1B939D8A009E03AB /* VEOpenComponentLicenseController.m in Sources */,
				B60EADC01B626D280062A097 /* VENavigationController.m in Sources */,
				21E980171B938968009E03AB /* VEOpenComponentsController.m in Sources */,
				212FCDD31B95977C00DDF36D /* VETopicListOperator.m in Sources */,
				B65032DD1B91DE2C00B077B3 /* NSDate+Formatter.m in Sources */,
				B65032F61B91F40200B077B3 /* UIWebView+Single.m in Sources */,
				B60EADB91B6262200062A097 /* VEAPIClient.m in Sources */,
				B65032D01B91D77F00B077B3 /* VENodeModel.m in Sources */,
				B65032E51B91DF9200B077B3 /* VENodesOperator.m in Sources */,
				B65032E91B91DFF400B077B3 /* VESiteOperator.m in Sources */,
				CE88D93C1BAC664E00CA2756 /* VEFeedBackModel.m in Sources */,
				B65032D31B91DA3700B077B3 /* VEReplieModel.m in Sources */,
			);
			runOnlyForDeploymentPostprocessing = 0;
		};
		B64574F21B6248AB00886225 /* Sources */ = {
			isa = PBXSourcesBuildPhase;
			buildActionMask = 2147483647;
			files = (
				B64574FD1B6248AB00886225 /* V2EXTests.m in Sources */,
			);
			runOnlyForDeploymentPostprocessing = 0;
		};
/* End PBXSourcesBuildPhase section */

/* Begin PBXTargetDependency section */
		B64574F81B6248AB00886225 /* PBXTargetDependency */ = {
			isa = PBXTargetDependency;
			target = B64574D91B6248AB00886225 /* V2EX */;
			targetProxy = B64574F71B6248AB00886225 /* PBXContainerItemProxy */;
		};
/* End PBXTargetDependency section */

/* Begin PBXVariantGroup section */
		B64574EA1B6248AB00886225 /* Main.storyboard */ = {
			isa = PBXVariantGroup;
			children = (
				B64574EB1B6248AB00886225 /* Base */,
				B60EADBB1B626C390062A097 /* zh-Hans */,
			);
			name = Main.storyboard;
			sourceTree = "<group>";
		};
		B64574EF1B6248AB00886225 /* LaunchScreen.xib */ = {
			isa = PBXVariantGroup;
			children = (
				B64574F01B6248AB00886225 /* Base */,
				B60EADBC1B626C390062A097 /* zh-Hans */,
			);
			name = LaunchScreen.xib;
			sourceTree = "<group>";
		};
/* End PBXVariantGroup section */

/* Begin XCBuildConfiguration section */
		B64574FE1B6248AB00886225 /* Debug */ = {
			isa = XCBuildConfiguration;
			buildSettings = {
				ALWAYS_SEARCH_USER_PATHS = NO;
				CLANG_CXX_LANGUAGE_STANDARD = "gnu++0x";
				CLANG_CXX_LIBRARY = "libc++";
				CLANG_ENABLE_MODULES = YES;
				CLANG_ENABLE_OBJC_ARC = YES;
				CLANG_WARN_BOOL_CONVERSION = YES;
				CLANG_WARN_CONSTANT_CONVERSION = YES;
				CLANG_WARN_DIRECT_OBJC_ISA_USAGE = YES_ERROR;
				CLANG_WARN_EMPTY_BODY = YES;
				CLANG_WARN_ENUM_CONVERSION = YES;
				CLANG_WARN_INT_CONVERSION = YES;
				CLANG_WARN_OBJC_ROOT_CLASS = YES_ERROR;
				CLANG_WARN_UNREACHABLE_CODE = YES;
				CLANG_WARN__DUPLICATE_METHOD_MATCH = YES;
				"CODE_SIGN_IDENTITY[sdk=iphoneos*]" = "iPhone Developer";
				COPY_PHASE_STRIP = NO;
				DEBUG_INFORMATION_FORMAT = "dwarf-with-dsym";
				ENABLE_STRICT_OBJC_MSGSEND = YES;
				GCC_C_LANGUAGE_STANDARD = gnu99;
				GCC_DYNAMIC_NO_PIC = NO;
				GCC_NO_COMMON_BLOCKS = YES;
				GCC_OPTIMIZATION_LEVEL = 0;
				GCC_PREPROCESSOR_DEFINITIONS = (
					"DEBUG=1",
					"$(inherited)",
				);
				GCC_SYMBOLS_PRIVATE_EXTERN = NO;
				GCC_WARN_64_TO_32_BIT_CONVERSION = YES;
				GCC_WARN_ABOUT_RETURN_TYPE = YES_ERROR;
				GCC_WARN_UNDECLARED_SELECTOR = YES;
				GCC_WARN_UNINITIALIZED_AUTOS = YES_AGGRESSIVE;
				GCC_WARN_UNUSED_FUNCTION = YES;
				GCC_WARN_UNUSED_VARIABLE = YES;
				IPHONEOS_DEPLOYMENT_TARGET = 7.0;
				MTL_ENABLE_DEBUG_INFO = YES;
				ONLY_ACTIVE_ARCH = YES;
				SDKROOT = iphoneos;
			};
			name = Debug;
		};
		B64574FF1B6248AB00886225 /* Release */ = {
			isa = XCBuildConfiguration;
			buildSettings = {
				ALWAYS_SEARCH_USER_PATHS = NO;
				CLANG_CXX_LANGUAGE_STANDARD = "gnu++0x";
				CLANG_CXX_LIBRARY = "libc++";
				CLANG_ENABLE_MODULES = YES;
				CLANG_ENABLE_OBJC_ARC = YES;
				CLANG_WARN_BOOL_CONVERSION = YES;
				CLANG_WARN_CONSTANT_CONVERSION = YES;
				CLANG_WARN_DIRECT_OBJC_ISA_USAGE = YES_ERROR;
				CLANG_WARN_EMPTY_BODY = YES;
				CLANG_WARN_ENUM_CONVERSION = YES;
				CLANG_WARN_INT_CONVERSION = YES;
				CLANG_WARN_OBJC_ROOT_CLASS = YES_ERROR;
				CLANG_WARN_UNREACHABLE_CODE = YES;
				CLANG_WARN__DUPLICATE_METHOD_MATCH = YES;
				"CODE_SIGN_IDENTITY[sdk=iphoneos*]" = "iPhone Developer";
				COPY_PHASE_STRIP = NO;
				DEBUG_INFORMATION_FORMAT = "dwarf-with-dsym";
				ENABLE_NS_ASSERTIONS = NO;
				ENABLE_STRICT_OBJC_MSGSEND = YES;
				GCC_C_LANGUAGE_STANDARD = gnu99;
				GCC_NO_COMMON_BLOCKS = YES;
				GCC_WARN_64_TO_32_BIT_CONVERSION = YES;
				GCC_WARN_ABOUT_RETURN_TYPE = YES_ERROR;
				GCC_WARN_UNDECLARED_SELECTOR = YES;
				GCC_WARN_UNINITIALIZED_AUTOS = YES_AGGRESSIVE;
				GCC_WARN_UNUSED_FUNCTION = YES;
				GCC_WARN_UNUSED_VARIABLE = YES;
				IPHONEOS_DEPLOYMENT_TARGET = 7.0;
				MTL_ENABLE_DEBUG_INFO = NO;
				SDKROOT = iphoneos;
				VALIDATE_PRODUCT = YES;
			};
			name = Release;
		};
		B64575011B6248AB00886225 /* Debug */ = {
			isa = XCBuildConfiguration;
			baseConfigurationReference = E3C29D8310270B75DA2F7CA9 /* Pods.debug.xcconfig */;
			buildSettings = {
				ASSETCATALOG_COMPILER_APPICON_NAME = AppIcon;
				ASSETCATALOG_COMPILER_LAUNCHIMAGE_NAME = LaunchImage;
				CODE_SIGN_IDENTITY = "iPhone Developer";
				"CODE_SIGN_IDENTITY[sdk=iphoneos*]" = "iPhone Developer";
				ENABLE_BITCODE = NO;
				INFOPLIST_FILE = V2EX/Info.plist;
				IPHONEOS_DEPLOYMENT_TARGET = 7.0;
				LD_RUNPATH_SEARCH_PATHS = "$(inherited) @executable_path/Frameworks";
				PRODUCT_BUNDLE_IDENTIFIER = v2ex.robbin.top;
				PRODUCT_NAME = "$(TARGET_NAME)";
				PROVISIONING_PROFILE = "";
				TARGETED_DEVICE_FAMILY = "1,2";
			};
			name = Debug;
		};
		B64575021B6248AB00886225 /* Release */ = {
			isa = XCBuildConfiguration;
			baseConfigurationReference = 39B7B0D23C0D99D7D7258303 /* Pods.release.xcconfig */;
			buildSettings = {
				ASSETCATALOG_COMPILER_APPICON_NAME = AppIcon;
				ASSETCATALOG_COMPILER_LAUNCHIMAGE_NAME = LaunchImage;
				CODE_SIGN_IDENTITY = "iPhone Developer";
				"CODE_SIGN_IDENTITY[sdk=iphoneos*]" = "iPhone Developer";
				ENABLE_BITCODE = NO;
				INFOPLIST_FILE = V2EX/Info.plist;
				IPHONEOS_DEPLOYMENT_TARGET = 7.0;
				LD_RUNPATH_SEARCH_PATHS = "$(inherited) @executable_path/Frameworks";
				PRODUCT_BUNDLE_IDENTIFIER = v2ex.robbin.top;
				PRODUCT_NAME = "$(TARGET_NAME)";
				PROVISIONING_PROFILE = "";
				TARGETED_DEVICE_FAMILY = "1,2";
			};
			name = Release;
		};
		B64575041B6248AB00886225 /* Debug */ = {
			isa = XCBuildConfiguration;
			buildSettings = {
				BUNDLE_LOADER = "$(TEST_HOST)";
				FRAMEWORK_SEARCH_PATHS = (
					"$(SDKROOT)/Developer/Library/Frameworks",
					"$(inherited)",
				);
				GCC_PREPROCESSOR_DEFINITIONS = (
					"DEBUG=1",
					"$(inherited)",
				);
				INFOPLIST_FILE = V2EXTests/Info.plist;
				LD_RUNPATH_SEARCH_PATHS = "$(inherited) @executable_path/Frameworks @loader_path/Frameworks";
				PRODUCT_NAME = "$(TARGET_NAME)";
				TEST_HOST = "$(BUILT_PRODUCTS_DIR)/V2EX.app/V2EX";
			};
			name = Debug;
		};
		B64575051B6248AB00886225 /* Release */ = {
			isa = XCBuildConfiguration;
			buildSettings = {
				BUNDLE_LOADER = "$(TEST_HOST)";
				FRAMEWORK_SEARCH_PATHS = (
					"$(SDKROOT)/Developer/Library/Frameworks",
					"$(inherited)",
				);
				INFOPLIST_FILE = V2EXTests/Info.plist;
				LD_RUNPATH_SEARCH_PATHS = "$(inherited) @executable_path/Frameworks @loader_path/Frameworks";
				PRODUCT_NAME = "$(TARGET_NAME)";
				TEST_HOST = "$(BUILT_PRODUCTS_DIR)/V2EX.app/V2EX";
			};
			name = Release;
		};
/* End XCBuildConfiguration section */

/* Begin XCConfigurationList section */
		B64574D51B6248AB00886225 /* Build configuration list for PBXProject "V2EX" */ = {
			isa = XCConfigurationList;
			buildConfigurations = (
				B64574FE1B6248AB00886225 /* Debug */,
				B64574FF1B6248AB00886225 /* Release */,
			);
			defaultConfigurationIsVisible = 0;
			defaultConfigurationName = Release;
		};
		B64575001B6248AB00886225 /* Build configuration list for PBXNativeTarget "V2EX" */ = {
			isa = XCConfigurationList;
			buildConfigurations = (
				B64575011B6248AB00886225 /* Debug */,
				B64575021B6248AB00886225 /* Release */,
			);
			defaultConfigurationIsVisible = 0;
			defaultConfigurationName = Release;
		};
		B64575031B6248AB00886225 /* Build configuration list for PBXNativeTarget "V2EXTests" */ = {
			isa = XCConfigurationList;
			buildConfigurations = (
				B64575041B6248AB00886225 /* Debug */,
				B64575051B6248AB00886225 /* Release */,
			);
			defaultConfigurationIsVisible = 0;
			defaultConfigurationName = Release;
		};
/* End XCConfigurationList section */
	};
	rootObject = B64574D21B6248AB00886225 /* Project object */;
}
